
Microsoft Visual Studio Solution File, Format Version 12.00
# Visual Studio Version 16
VisualStudioVersion = 16.0.31205.134
MinimumVisualStudioVersion = 10.0.40219.1
Project("{9A19103F-16F7-4668-BE54-9A1E7A4F7556}") = "TradingAPI", "TradingAPI\TradingAPI.csproj", "{617D38F9-B593-46FF-97E1-2AC28E183D12}"
EndProject
Project("{FAE04EC0-301F-11D3-BF4B-00C04F79EFBC}") = "TradingAPI.Test", "TradingAPI.Test\TradingAPI.Test.csproj", "{C176B13B-8765-4054-B431-4FBC357CEB08}"
EndProject
Global
	GlobalSection(SolutionConfigurationPlatforms) = preSolution
		Debug|Any CPU = Debug|Any CPU
		Release|Any CPU = Release|Any CPU
	EndGlobalSection
	GlobalSection(ProjectConfigurationPlatforms) = postSolution
		{617D38F9-B593-46FF-97E1-2AC28E183D12}.Debug|Any CPU.ActiveCfg = Debug|Any CPU
		{617D38F9-B593-46FF-97E1-2AC28E183D12}.Debug|Any CPU.Build.0 = Debug|Any CPU
		{617D38F9-B593-46FF-97E1-2AC28E183D12}.Release|Any CPU.ActiveCfg = Release|Any CPU
		{617D38F9-B593-46FF-97E1-2AC28E183D12}.Release|Any CPU.Build.0 = Release|Any CPU
		{C176B13B-8765-4054-B431-4FBC357CEB08}.Debug|Any CPU.ActiveCfg = Debug|Any CPU
		{C176B13B-8765-4054-B431-4FBC357CEB08}.Debug|Any CPU.Build.0 = Debug|Any CPU
		{C176B13B-8765-4054-B431-4FBC357CEB08}.Release|Any CPU.ActiveCfg = Release|Any CPU
		{C176B13B-8765-4054-B431-4FBC357CEB08}.Release|Any CPU.Build.0 = Release|Any CPU
	EndGlobalSection
	GlobalSection(SolutionProperties) = preSolution
		HideSolutionNode = FALSE
	EndGlobalSection
	GlobalSection(ExtensibilityGlobals) = postSolution
		SolutionGuid = {176D0DB1-0090-41F9-ACEC-711BEFE9B5DD}
	EndGlobalSection
EndGlobal
